{
  "name": "@ecommerce/web",
  "version": "0.1.0",
  "lockfileVersion": 3,
  "requires": true,
  "packages": {
    "": {
      "name": "@ecommerce/web",
      "version": "0.1.0",
      "workspaces": [
        "design-tokens",
        "shared",
        "react-store",
        "angular-store",
        "react-admin",
        "angular-admin"
      ],
      "engines": {
        "node": ">=22"
      }
    },
    "design-tokens": {
      "name": "@ecommerce/design-tokens",
      "version": "0.1.0"
    },
    "node_modules/@ecommerce/design-tokens": {
      "resolved": "design-tokens",
      "link": true
    },
    "node_modules/@ecommerce/shared": {
      "resolved": "shared",
      "link": true
    },
    "node_modules/typescript": {
      "version": "5.7.3",
      "resolved": "https://registry.npmjs.org/typescript/-/typescript-5.7.3.tgz",
      "integrity": "sha512-84MVSjMEHP+FQRPy3pX9sTVV/INIex71s9TL2Gm5FG/WG1SqXeKyZ0k7/blY/4FdOzI12CBy1vGc4og/eus0fw==",
      "dev": true,
      "license": "Apache-2.0",
      "bin": {
        "tsc": "bin/tsc",
        "tsserver": "bin/tsserver"
      },
      "engines": {
        "node": ">=14.17"
      }
    },
    "shared": {
      "name": "@ecommerce/shared",
      "version": "0.1.0",
      "dependencies": {
        "@ecommerce/design-tokens": "*"
      },
      "devDependencies": {
        "typescript": "~5.7.2"
      }
    }
  }
}
